// !$*UTF8*$!
{
	archiveVersion = 1;
	classes = {
	};
	objectVersion = 56;
	objects = {

/* Begin PBXBuildFile section */
		AD1E24552989BB7A00D344E3 /* extensionTabBar.swift in Sources */ = {isa = PBXBuildFile; fileRef = AD1E24542989BB7A00D344E3 /* extensionTabBar.swift */; };
		AD1E24582989BC0000D344E3 /* ProtocolTabBar.swift in Sources */ = {isa = PBXBuildFile; fileRef = AD1E24572989BC0000D344E3 /* ProtocolTabBar.swift */; };
		AD56EA9529786AA900BD9F59 /* AppDelegate.swift in Sources */ = {isa = PBXBuildFile; fileRef = AD56EA9429786AA900BD9F59 /* AppDelegate.swift */; };
		AD56EA9729786AA900BD9F59 /* SceneDelegate.swift in Sources */ = {isa = PBXBuildFile; fileRef = AD56EA9629786AA900BD9F59 /* SceneDelegate.swift */; };
		AD56EA9E29786AA900BD9F59 /* Assets.xcassets in Resources */ = {isa = PBXBuildFile; fileRef = AD56EA9D29786AA900BD9F59 /* Assets.xcassets */; };
		AD68738E298C454300EF5F61 /* MapLocationButton.swift in Sources */ = {isa = PBXBuildFile; fileRef = AD68738D298C454300EF5F61 /* MapLocationButton.swift */; };
		AD6B72E829A004D200DC024F /* SpotifyService.swift in Sources */ = {isa = PBXBuildFile; fileRef = AD6B72E729A004D200DC024F /* SpotifyService.swift */; };
		AD7E5B6C299AC0AB00A1FB66 /* AddCurrentSongView.swift in Sources */ = {isa = PBXBuildFile; fileRef = AD7E5B6B299AC0AB00A1FB66 /* AddCurrentSongView.swift */; };
		AD956249299173A40045C68F /* ProfileViewController.swift in Sources */ = {isa = PBXBuildFile; fileRef = AD956248299173A40045C68F /* ProfileViewController.swift */; };
		AD95624B2991A4700045C68F /* PlaylistViewController.swift in Sources */ = {isa = PBXBuildFile; fileRef = AD95624A2991A4700045C68F /* PlaylistViewController.swift */; };
		DE4C8EC32981A12D0065C813 /* ClusterPlacementView.swift in Sources */ = {isa = PBXBuildFile; fileRef = DE4C8EC22981A12D0065C813 /* ClusterPlacementView.swift */; };
		DE4C8EC52981A9330065C813 /* LocationController.swift in Sources */ = {isa = PBXBuildFile; fileRef = DE4C8EC42981A9330065C813 /* LocationController.swift */; };
		DE4C8EC82981C32A0065C813 /* TabBarController.swift in Sources */ = {isa = PBXBuildFile; fileRef = DE4C8EC72981C32A0065C813 /* TabBarController.swift */; };
		DE4C8ECA29822BA80065C813 /* CLLocationManagerDelegate.swift in Sources */ = {isa = PBXBuildFile; fileRef = DE4C8EC929822BA80065C813 /* CLLocationManagerDelegate.swift */; };
		DE4C8ECC2982F2D50065C813 /* MKMapViewDelegate.swift in Sources */ = {isa = PBXBuildFile; fileRef = DE4C8ECB2982F2D50065C813 /* MKMapViewDelegate.swift */; };
		DE4F3463298AECA3004EE2F9 /* UIGestureRecognizerDelegate.swift in Sources */ = {isa = PBXBuildFile; fileRef = DE4F3462298AECA3004EE2F9 /* UIGestureRecognizerDelegate.swift */; };
		DE4F3465298B048C004EE2F9 /* CLLocationCoordinate2D.swift in Sources */ = {isa = PBXBuildFile; fileRef = DE4F3464298B048C004EE2F9 /* CLLocationCoordinate2D.swift */; };
		DE4F3468298B05C7004EE2F9 /* SongPlacementController.swift in Sources */ = {isa = PBXBuildFile; fileRef = DE4F3467298B05C7004EE2F9 /* SongPlacementController.swift */; };
		DE4F346B298B0605004EE2F9 /* MusicPlacementView.swift in Sources */ = {isa = PBXBuildFile; fileRef = DE4F346A298B0604004EE2F9 /* MusicPlacementView.swift */; };
		DE5DD17129833224002BEB3F /* SongRepository.swift in Sources */ = {isa = PBXBuildFile; fileRef = DE5DD16F29833224002BEB3F /* SongRepository.swift */; };
		DE5DD17229833224002BEB3F /* MusicPlacementModel.swift in Sources */ = {isa = PBXBuildFile; fileRef = DE5DD17029833224002BEB3F /* MusicPlacementModel.swift */; };
		DE5DD175298421C3002BEB3F /* SongViewController.swift in Sources */ = {isa = PBXBuildFile; fileRef = DE5DD174298421C3002BEB3F /* SongViewController.swift */; };
		DE5DD178298421F8002BEB3F /* CurrentSongView.swift in Sources */ = {isa = PBXBuildFile; fileRef = DE5DD177298421F8002BEB3F /* CurrentSongView.swift */; };
		DE5DD17B29843B38002BEB3F /* AppleMusicService1.swift in Sources */ = {isa = PBXBuildFile; fileRef = DE5DD17A29843B38002BEB3F /* AppleMusicService1.swift */; };
		DE5DD17E2984813D002BEB3F /* AppleMusicService.swift in Sources */ = {isa = PBXBuildFile; fileRef = DE5DD17D2984813D002BEB3F /* AppleMusicService.swift */; };
		DE5DD18A298874C4002BEB3F /* ViewControllerTutorial.swift in Sources */ = {isa = PBXBuildFile; fileRef = DE5DD181298874C4002BEB3F /* ViewControllerTutorial.swift */; };
		DE5DD18C298874C4002BEB3F /* GoToVC.swift in Sources */ = {isa = PBXBuildFile; fileRef = DE5DD183298874C4002BEB3F /* GoToVC.swift */; };
		DE5DD18D298874C4002BEB3F /* TutorialPage3.swift in Sources */ = {isa = PBXBuildFile; fileRef = DE5DD185298874C4002BEB3F /* TutorialPage3.swift */; };
		DE5DD18E298874C4002BEB3F /* TutorialPage1.swift in Sources */ = {isa = PBXBuildFile; fileRef = DE5DD186298874C4002BEB3F /* TutorialPage1.swift */; };
		DE5DD18F298874C4002BEB3F /* TutorialPage2.swift in Sources */ = {isa = PBXBuildFile; fileRef = DE5DD187298874C4002BEB3F /* TutorialPage2.swift */; };
		DE5DD190298874C4002BEB3F /* TutorialBase.swift in Sources */ = {isa = PBXBuildFile; fileRef = DE5DD188298874C4002BEB3F /* TutorialBase.swift */; };
		DE5DD193298875BC002BEB3F /* UIColor.swift in Sources */ = {isa = PBXBuildFile; fileRef = DE5DD192298875BC002BEB3F /* UIColor.swift */; };
		DE66A92E299AA47100BD21FA /* LocationButtonView.swift in Sources */ = {isa = PBXBuildFile; fileRef = AD655CF829956E1000B85B23 /* LocationButtonView.swift */; };
		DE66A930299AB3DA00BD21FA /* SpotifyiOS.framework in Frameworks */ = {isa = PBXBuildFile; fileRef = DE66A92F299AB3D900BD21FA /* SpotifyiOS.framework */; };
		DE66A935299C060600BD21FA /* ConstantsSpotify.swift in Sources */ = {isa = PBXBuildFile; fileRef = DE66A934299C060600BD21FA /* ConstantsSpotify.swift */; };
		DE66A937299C099800BD21FA /* SpotifyConnectViewController.swift in Sources */ = {isa = PBXBuildFile; fileRef = DE66A936299C099800BD21FA /* SpotifyConnectViewController.swift */; };
		DE66A93B299C117A00BD21FA /* SpotifyDelegate.swift in Sources */ = {isa = PBXBuildFile; fileRef = DE66A93A299C117A00BD21FA /* SpotifyDelegate.swift */; };
		DE66A93F299D489500BD21FA /* Array.swift in Sources */ = {isa = PBXBuildFile; fileRef = DE66A93E299D489500BD21FA /* Array.swift */; };
		DE66A941299D54B300BD21FA /* MusicProtocol.swift in Sources */ = {isa = PBXBuildFile; fileRef = DE66A940299D54B300BD21FA /* MusicProtocol.swift */; };
		DE7319B7297F5FA900A6197C /* AppContainer.swift in Sources */ = {isa = PBXBuildFile; fileRef = DE7319B6297F5FA900A6197C /* AppContainer.swift */; };
		DE7319B9297F60BD00A6197C /* MapViewController.swift in Sources */ = {isa = PBXBuildFile; fileRef = DE7319B8297F60BD00A6197C /* MapViewController.swift */; };
		DE7319BB297F610C00A6197C /* BaseViewController.swift in Sources */ = {isa = PBXBuildFile; fileRef = DE7319BA297F610C00A6197C /* BaseViewController.swift */; };
		DE7319BD297F635A00A6197C /* MapView.swift in Sources */ = {isa = PBXBuildFile; fileRef = DE7319BC297F635A00A6197C /* MapView.swift */; };
		DE7319C12980486800A6197C /* MapReactiveButton.swift in Sources */ = {isa = PBXBuildFile; fileRef = DE7319C02980486800A6197C /* MapReactiveButton.swift */; };
		DE7319C3298054D500A6197C /* SongButtonView.swift in Sources */ = {isa = PBXBuildFile; fileRef = DE7319C2298054D500A6197C /* SongButtonView.swift */; };
		DE7319C62980581B00A6197C /* UIControl.swift in Sources */ = {isa = PBXBuildFile; fileRef = DE7319C52980581B00A6197C /* UIControl.swift */; };
		DE7319CA29806C1300A6197C /* CircleRangeView.swift in Sources */ = {isa = PBXBuildFile; fileRef = DE7319C929806C1300A6197C /* CircleRangeView.swift */; };
		DEEF6AA829918B3D0046DD90 /* MapPlaylistViewController.swift in Sources */ = {isa = PBXBuildFile; fileRef = DEEF6AA729918B3D0046DD90 /* MapPlaylistViewController.swift */; };
		DEEF6AAA2992C5630046DD90 /* MapPlaylistView.swift in Sources */ = {isa = PBXBuildFile; fileRef = DEEF6AA92992C5630046DD90 /* MapPlaylistView.swift */; };
		DEEF6AAD2992C6520046DD90 /* CodableExtensions in Frameworks */ = {isa = PBXBuildFile; productRef = DEEF6AAC2992C6520046DD90 /* CodableExtensions */; };
		DEEF6AB12992C6ED0046DD90 /* AppData.swift in Sources */ = {isa = PBXBuildFile; fileRef = DEEF6AB02992C6ED0046DD90 /* AppData.swift */; };
		DEEF6AB32992F8C40046DD90 /* MusicPlaylistModel.swift in Sources */ = {isa = PBXBuildFile; fileRef = DEEF6AB22992F8C40046DD90 /* MusicPlaylistModel.swift */; };
/* End PBXBuildFile section */

/* Begin PBXFileReference section */
		AD1E24542989BB7A00D344E3 /* extensionTabBar.swift */ = {isa = PBXFileReference; lastKnownFileType = sourcecode.swift; path = extensionTabBar.swift; sourceTree = "<group>"; };
		AD1E24572989BC0000D344E3 /* ProtocolTabBar.swift */ = {isa = PBXFileReference; lastKnownFileType = sourcecode.swift; path = ProtocolTabBar.swift; sourceTree = "<group>"; };
		AD56EA9129786AA900BD9F59 /* Songo.app */ = {isa = PBXFileReference; explicitFileType = wrapper.application; includeInIndex = 0; path = Songo.app; sourceTree = BUILT_PRODUCTS_DIR; };
		AD56EA9429786AA900BD9F59 /* AppDelegate.swift */ = {isa = PBXFileReference; lastKnownFileType = sourcecode.swift; path = AppDelegate.swift; sourceTree = "<group>"; };
		AD56EA9629786AA900BD9F59 /* SceneDelegate.swift */ = {isa = PBXFileReference; lastKnownFileType = sourcecode.swift; path = SceneDelegate.swift; sourceTree = "<group>"; };
		AD56EA9D29786AA900BD9F59 /* Assets.xcassets */ = {isa = PBXFileReference; lastKnownFileType = folder.assetcatalog; path = Assets.xcassets; sourceTree = "<group>"; };
		AD56EAA229786AA900BD9F59 /* Info.plist */ = {isa = PBXFileReference; lastKnownFileType = text.plist.xml; path = Info.plist; sourceTree = "<group>"; };
		AD655CF829956E1000B85B23 /* LocationButtonView.swift */ = {isa = PBXFileReference; lastKnownFileType = sourcecode.swift; path = LocationButtonView.swift; sourceTree = "<group>"; };
		AD68738D298C454300EF5F61 /* MapLocationButton.swift */ = {isa = PBXFileReference; lastKnownFileType = sourcecode.swift; path = MapLocationButton.swift; sourceTree = "<group>"; };
		AD6B72E729A004D200DC024F /* SpotifyService.swift */ = {isa = PBXFileReference; lastKnownFileType = sourcecode.swift; path = SpotifyService.swift; sourceTree = "<group>"; };
		AD7E5B6B299AC0AB00A1FB66 /* AddCurrentSongView.swift */ = {isa = PBXFileReference; lastKnownFileType = sourcecode.swift; path = AddCurrentSongView.swift; sourceTree = "<group>"; };
		AD956248299173A40045C68F /* ProfileViewController.swift */ = {isa = PBXFileReference; lastKnownFileType = sourcecode.swift; path = ProfileViewController.swift; sourceTree = "<group>"; };
		AD95624A2991A4700045C68F /* PlaylistViewController.swift */ = {isa = PBXFileReference; lastKnownFileType = sourcecode.swift; path = PlaylistViewController.swift; sourceTree = "<group>"; };
		DE4C8EC22981A12D0065C813 /* ClusterPlacementView.swift */ = {isa = PBXFileReference; lastKnownFileType = sourcecode.swift; path = ClusterPlacementView.swift; sourceTree = "<group>"; };
		DE4C8EC42981A9330065C813 /* LocationController.swift */ = {isa = PBXFileReference; lastKnownFileType = sourcecode.swift; path = LocationController.swift; sourceTree = "<group>"; };
		DE4C8EC72981C32A0065C813 /* TabBarController.swift */ = {isa = PBXFileReference; lastKnownFileType = sourcecode.swift; path = TabBarController.swift; sourceTree = "<group>"; };
		DE4C8EC929822BA80065C813 /* CLLocationManagerDelegate.swift */ = {isa = PBXFileReference; lastKnownFileType = sourcecode.swift; path = CLLocationManagerDelegate.swift; sourceTree = "<group>"; };
		DE4C8ECB2982F2D50065C813 /* MKMapViewDelegate.swift */ = {isa = PBXFileReference; lastKnownFileType = sourcecode.swift; path = MKMapViewDelegate.swift; sourceTree = "<group>"; };
		DE4F3462298AECA3004EE2F9 /* UIGestureRecognizerDelegate.swift */ = {isa = PBXFileReference; lastKnownFileType = sourcecode.swift; path = UIGestureRecognizerDelegate.swift; sourceTree = "<group>"; };
		DE4F3464298B048C004EE2F9 /* CLLocationCoordinate2D.swift */ = {isa = PBXFileReference; lastKnownFileType = sourcecode.swift; path = CLLocationCoordinate2D.swift; sourceTree = "<group>"; };
		DE4F3467298B05C7004EE2F9 /* SongPlacementController.swift */ = {isa = PBXFileReference; lastKnownFileType = sourcecode.swift; path = SongPlacementController.swift; sourceTree = "<group>"; };
		DE4F346A298B0604004EE2F9 /* MusicPlacementView.swift */ = {isa = PBXFileReference; lastKnownFileType = sourcecode.swift; path = MusicPlacementView.swift; sourceTree = "<group>"; };
		DE5DD16F29833224002BEB3F /* SongRepository.swift */ = {isa = PBXFileReference; fileEncoding = 4; lastKnownFileType = sourcecode.swift; path = SongRepository.swift; sourceTree = "<group>"; };
		DE5DD17029833224002BEB3F /* MusicPlacementModel.swift */ = {isa = PBXFileReference; fileEncoding = 4; lastKnownFileType = sourcecode.swift; path = MusicPlacementModel.swift; sourceTree = "<group>"; };
		DE5DD174298421C3002BEB3F /* SongViewController.swift */ = {isa = PBXFileReference; lastKnownFileType = sourcecode.swift; path = SongViewController.swift; sourceTree = "<group>"; };
		DE5DD177298421F8002BEB3F /* CurrentSongView.swift */ = {isa = PBXFileReference; lastKnownFileType = sourcecode.swift; path = CurrentSongView.swift; sourceTree = "<group>"; };
		DE5DD17A29843B38002BEB3F /* AppleMusicService1.swift */ = {isa = PBXFileReference; lastKnownFileType = sourcecode.swift; path = AppleMusicService1.swift; sourceTree = "<group>"; };
		DE5DD17D2984813D002BEB3F /* AppleMusicService.swift */ = {isa = PBXFileReference; lastKnownFileType = sourcecode.swift; path = AppleMusicService.swift; sourceTree = "<group>"; };
		DE5DD181298874C4002BEB3F /* ViewControllerTutorial.swift */ = {isa = PBXFileReference; fileEncoding = 4; lastKnownFileType = sourcecode.swift; path = ViewControllerTutorial.swift; sourceTree = "<group>"; };
		DE5DD183298874C4002BEB3F /* GoToVC.swift */ = {isa = PBXFileReference; fileEncoding = 4; lastKnownFileType = sourcecode.swift; path = GoToVC.swift; sourceTree = "<group>"; };
		DE5DD185298874C4002BEB3F /* TutorialPage3.swift */ = {isa = PBXFileReference; fileEncoding = 4; lastKnownFileType = sourcecode.swift; path = TutorialPage3.swift; sourceTree = "<group>"; };
		DE5DD186298874C4002BEB3F /* TutorialPage1.swift */ = {isa = PBXFileReference; fileEncoding = 4; lastKnownFileType = sourcecode.swift; path = TutorialPage1.swift; sourceTree = "<group>"; };
		DE5DD187298874C4002BEB3F /* TutorialPage2.swift */ = {isa = PBXFileReference; fileEncoding = 4; lastKnownFileType = sourcecode.swift; path = TutorialPage2.swift; sourceTree = "<group>"; };
		DE5DD188298874C4002BEB3F /* TutorialBase.swift */ = {isa = PBXFileReference; fileEncoding = 4; lastKnownFileType = sourcecode.swift; path = TutorialBase.swift; sourceTree = "<group>"; };
		DE5DD192298875BC002BEB3F /* UIColor.swift */ = {isa = PBXFileReference; fileEncoding = 4; lastKnownFileType = sourcecode.swift; path = UIColor.swift; sourceTree = "<group>"; };
		DE66A92F299AB3D900BD21FA /* SpotifyiOS.framework */ = {isa = PBXFileReference; lastKnownFileType = wrapper.framework; path = SpotifyiOS.framework; sourceTree = "<group>"; };
		DE66A931299AC1C600BD21FA /* Songo-Bridging-Header.h */ = {isa = PBXFileReference; lastKnownFileType = sourcecode.c.h; path = "Songo-Bridging-Header.h"; sourceTree = "<group>"; };
		DE66A934299C060600BD21FA /* ConstantsSpotify.swift */ = {isa = PBXFileReference; lastKnownFileType = sourcecode.swift; path = ConstantsSpotify.swift; sourceTree = "<group>"; };
		DE66A936299C099800BD21FA /* SpotifyConnectViewController.swift */ = {isa = PBXFileReference; lastKnownFileType = sourcecode.swift; path = SpotifyConnectViewController.swift; sourceTree = "<group>"; };
		DE66A93A299C117A00BD21FA /* SpotifyDelegate.swift */ = {isa = PBXFileReference; lastKnownFileType = sourcecode.swift; path = SpotifyDelegate.swift; sourceTree = "<group>"; };
		DE66A93E299D489500BD21FA /* Array.swift */ = {isa = PBXFileReference; lastKnownFileType = sourcecode.swift; path = Array.swift; sourceTree = "<group>"; };
		DE66A940299D54B300BD21FA /* MusicProtocol.swift */ = {isa = PBXFileReference; lastKnownFileType = sourcecode.swift; path = MusicProtocol.swift; sourceTree = "<group>"; };
		DE7319B6297F5FA900A6197C /* AppContainer.swift */ = {isa = PBXFileReference; lastKnownFileType = sourcecode.swift; path = AppContainer.swift; sourceTree = "<group>"; };
		DE7319B8297F60BD00A6197C /* MapViewController.swift */ = {isa = PBXFileReference; lastKnownFileType = sourcecode.swift; path = MapViewController.swift; sourceTree = "<group>"; };
		DE7319BA297F610C00A6197C /* BaseViewController.swift */ = {isa = PBXFileReference; lastKnownFileType = sourcecode.swift; path = BaseViewController.swift; sourceTree = "<group>"; };
		DE7319BC297F635A00A6197C /* MapView.swift */ = {isa = PBXFileReference; lastKnownFileType = sourcecode.swift; path = MapView.swift; sourceTree = "<group>"; };
		DE7319C02980486800A6197C /* MapReactiveButton.swift */ = {isa = PBXFileReference; lastKnownFileType = sourcecode.swift; path = MapReactiveButton.swift; sourceTree = "<group>"; };
		DE7319C2298054D500A6197C /* SongButtonView.swift */ = {isa = PBXFileReference; lastKnownFileType = sourcecode.swift; path = SongButtonView.swift; sourceTree = "<group>"; };
		DE7319C52980581B00A6197C /* UIControl.swift */ = {isa = PBXFileReference; lastKnownFileType = sourcecode.swift; path = UIControl.swift; sourceTree = "<group>"; };
		DE7319C929806C1300A6197C /* CircleRangeView.swift */ = {isa = PBXFileReference; lastKnownFileType = sourcecode.swift; path = CircleRangeView.swift; sourceTree = "<group>"; };
		DEEF6AA729918B3D0046DD90 /* MapPlaylistViewController.swift */ = {isa = PBXFileReference; lastKnownFileType = sourcecode.swift; path = MapPlaylistViewController.swift; sourceTree = "<group>"; };
		DEEF6AA92992C5630046DD90 /* MapPlaylistView.swift */ = {isa = PBXFileReference; lastKnownFileType = sourcecode.swift; path = MapPlaylistView.swift; sourceTree = "<group>"; };
		DEEF6AB02992C6ED0046DD90 /* AppData.swift */ = {isa = PBXFileReference; lastKnownFileType = sourcecode.swift; path = AppData.swift; sourceTree = "<group>"; };
		DEEF6AB22992F8C40046DD90 /* MusicPlaylistModel.swift */ = {isa = PBXFileReference; lastKnownFileType = sourcecode.swift; path = MusicPlaylistModel.swift; sourceTree = "<group>"; };
/* End PBXFileReference section */

/* Begin PBXFrameworksBuildPhase section */
		AD56EA8E29786AA900BD9F59 /* Frameworks */ = {
			isa = PBXFrameworksBuildPhase;
			buildActionMask = 2147483647;
			files = (
				DEEF6AAD2992C6520046DD90 /* CodableExtensions in Frameworks */,
				DE66A930299AB3DA00BD21FA /* SpotifyiOS.framework in Frameworks */,
			);
			runOnlyForDeploymentPostprocessing = 0;
		};
/* End PBXFrameworksBuildPhase section */

/* Begin PBXGroup section */
		AD56EA8829786AA900BD9F59 = {
			isa = PBXGroup;
			children = (
				AD56EA9329786AA900BD9F59 /* Songo */,
				AD56EA9229786AA900BD9F59 /* Products */,
			);
			sourceTree = "<group>";
		};
		AD56EA9229786AA900BD9F59 /* Products */ = {
			isa = PBXGroup;
			children = (
				AD56EA9129786AA900BD9F59 /* Songo.app */,
			);
			name = Products;
			sourceTree = "<group>";
		};
		AD56EA9329786AA900BD9F59 /* Songo */ = {
			isa = PBXGroup;
			children = (
				DE5DD16E29833224002BEB3F /* Model */,
				DE5DD17929842314002BEB3F /* ViewComponents */,
				DEF2A8E129788633002697F9 /* Controller */,
				DE5DD17C2984812B002BEB3F /* Services */,
				DE7319BE2980481900A6197C /* Scene */,
				DE7319C42980580700A6197C /* Extensions */,
				AD56EA9D29786AA900BD9F59 /* Assets.xcassets */,
				AD56EAA229786AA900BD9F59 /* Info.plist */,
				DE66A92F299AB3D900BD21FA /* SpotifyiOS.framework */,
				DE66A931299AC1C600BD21FA /* Songo-Bridging-Header.h */,
			);
			path = Songo;
			sourceTree = "<group>";
		};
		AD956247299173870045C68F /* Profile-Playlists */ = {
			isa = PBXGroup;
			children = (
				AD956248299173A40045C68F /* ProfileViewController.swift */,
				AD95624A2991A4700045C68F /* PlaylistViewController.swift */,
			);
			path = "Profile-Playlists";
			sourceTree = "<group>";
		};
		DE4C8EC62981C3120065C813 /* TabBar */ = {
			isa = PBXGroup;
			children = (
				DE4C8EC72981C32A0065C813 /* TabBarController.swift */,
				AD1E24542989BB7A00D344E3 /* extensionTabBar.swift */,
				AD1E24572989BC0000D344E3 /* ProtocolTabBar.swift */,
			);
			path = TabBar;
			sourceTree = "<group>";
		};
		DE4F3466298B059A004EE2F9 /* MapMusic */ = {
			isa = PBXGroup;
			children = (
				DE4F3467298B05C7004EE2F9 /* SongPlacementController.swift */,
				DEEF6AA729918B3D0046DD90 /* MapPlaylistViewController.swift */,
				DE4F3469298B05F6004EE2F9 /* View */,
			);
			path = MapMusic;
			sourceTree = "<group>";
		};
		DE4F3469298B05F6004EE2F9 /* View */ = {
			isa = PBXGroup;
			children = (
				DE4C8EC22981A12D0065C813 /* ClusterPlacementView.swift */,
				DE4F346A298B0604004EE2F9 /* MusicPlacementView.swift */,
				DEEF6AA92992C5630046DD90 /* MapPlaylistView.swift */,
			);
			path = View;
			sourceTree = "<group>";
		};
		DE5DD16E29833224002BEB3F /* Model */ = {
			isa = PBXGroup;
			children = (
				DE5DD16F29833224002BEB3F /* SongRepository.swift */,
				DEEF6AB02992C6ED0046DD90 /* AppData.swift */,
				DE5DD17029833224002BEB3F /* MusicPlacementModel.swift */,
				DEEF6AB22992F8C40046DD90 /* MusicPlaylistModel.swift */,
			);
			path = Model;
			sourceTree = "<group>";
		};
		DE5DD173298421B2002BEB3F /* Song */ = {
			isa = PBXGroup;
			children = (
				DE5DD174298421C3002BEB3F /* SongViewController.swift */,
				DE5DD176298421EF002BEB3F /* View */,
			);
			name = Song;
			path = "New Group";
			sourceTree = "<group>";
		};
		DE5DD176298421EF002BEB3F /* View */ = {
			isa = PBXGroup;
			children = (
				DE5DD177298421F8002BEB3F /* CurrentSongView.swift */,
			);
			path = View;
			sourceTree = "<group>";
		};
		DE5DD17929842314002BEB3F /* ViewComponents */ = {
			isa = PBXGroup;
			children = (
				DE7319C2298054D500A6197C /* SongButtonView.swift */,
				AD655CF829956E1000B85B23 /* LocationButtonView.swift */,
			);
			path = ViewComponents;
			sourceTree = "<group>";
		};
		DE5DD17C2984812B002BEB3F /* Services */ = {
			isa = PBXGroup;
			children = (
				DE66A940299D54B300BD21FA /* MusicProtocol.swift */,
				DE5DD17D2984813D002BEB3F /* AppleMusicService.swift */,
				DE66A934299C060600BD21FA /* ConstantsSpotify.swift */,
				AD6B72E729A004D200DC024F /* SpotifyService.swift */,
			);
			path = Services;
			sourceTree = "<group>";
		};
		DE5DD17F298874C4002BEB3F /* Tutorial */ = {
			isa = PBXGroup;
			children = (
				DE5DD180298874C4002BEB3F /* Controller */,
				DE5DD184298874C4002BEB3F /* View */,
				DE66A936299C099800BD21FA /* SpotifyConnectViewController.swift */,
			);
			path = Tutorial;
			sourceTree = "<group>";
		};
		DE5DD180298874C4002BEB3F /* Controller */ = {
			isa = PBXGroup;
			children = (
				DE5DD181298874C4002BEB3F /* ViewControllerTutorial.swift */,
				DE5DD183298874C4002BEB3F /* GoToVC.swift */,
			);
			path = Controller;
			sourceTree = "<group>";
		};
		DE5DD184298874C4002BEB3F /* View */ = {
			isa = PBXGroup;
			children = (
				DE5DD188298874C4002BEB3F /* TutorialBase.swift */,
				DE5DD186298874C4002BEB3F /* TutorialPage1.swift */,
				DE5DD187298874C4002BEB3F /* TutorialPage2.swift */,
				DE5DD185298874C4002BEB3F /* TutorialPage3.swift */,
			);
			path = View;
			sourceTree = "<group>";
		};
		DE7319BE2980481900A6197C /* Scene */ = {
			isa = PBXGroup;
			children = (
				AD956247299173870045C68F /* Profile-Playlists */,
				DE5DD17F298874C4002BEB3F /* Tutorial */,
				DE5DD173298421B2002BEB3F /* Song */,
				DE4C8EC62981C3120065C813 /* TabBar */,
				DE4F3466298B059A004EE2F9 /* MapMusic */,
				DE7319BF2980483900A6197C /* Map */,
			);
			path = Scene;
			sourceTree = "<group>";
		};
		DE7319BF2980483900A6197C /* Map */ = {
			isa = PBXGroup;
			children = (
				DE7319B8297F60BD00A6197C /* MapViewController.swift */,
				DEF2A8E22978864D002697F9 /* View */,
			);
			path = Map;
			sourceTree = "<group>";
		};
		DE7319C42980580700A6197C /* Extensions */ = {
			isa = PBXGroup;
			children = (
				DE5DD192298875BC002BEB3F /* UIColor.swift */,
				DE7319C52980581B00A6197C /* UIControl.swift */,
				DE4C8EC929822BA80065C813 /* CLLocationManagerDelegate.swift */,
				DE4C8ECB2982F2D50065C813 /* MKMapViewDelegate.swift */,
				DE4F3462298AECA3004EE2F9 /* UIGestureRecognizerDelegate.swift */,
				DE4F3464298B048C004EE2F9 /* CLLocationCoordinate2D.swift */,
				DE66A93A299C117A00BD21FA /* SpotifyDelegate.swift */,
				DE66A93E299D489500BD21FA /* Array.swift */,
			);
			path = Extensions;
			sourceTree = "<group>";
		};
		DEADE266299890BD00A1F2EE /* Buttons */ = {
			isa = PBXGroup;
			children = (
				DE7319C02980486800A6197C /* MapReactiveButton.swift */,
				AD68738D298C454300EF5F61 /* MapLocationButton.swift */,
			);
			path = Buttons;
			sourceTree = "<group>";
		};
		DEF2A8E129788633002697F9 /* Controller */ = {
			isa = PBXGroup;
			children = (
				DE7319B6297F5FA900A6197C /* AppContainer.swift */,
				AD56EA9429786AA900BD9F59 /* AppDelegate.swift */,
				AD56EA9629786AA900BD9F59 /* SceneDelegate.swift */,
				DE7319BA297F610C00A6197C /* BaseViewController.swift */,
				DE4C8EC42981A9330065C813 /* LocationController.swift */,
				DE5DD17A29843B38002BEB3F /* AppleMusicService1.swift */,
			);
			path = Controller;
			sourceTree = "<group>";
		};
		DEF2A8E22978864D002697F9 /* View */ = {
			isa = PBXGroup;
			children = (
				DEADE266299890BD00A1F2EE /* Buttons */,
				DE7319BC297F635A00A6197C /* MapView.swift */,
				DE7319C929806C1300A6197C /* CircleRangeView.swift */,
				AD7E5B6B299AC0AB00A1FB66 /* AddCurrentSongView.swift */,
			);
			path = View;
			sourceTree = "<group>";
		};
/* End PBXGroup section */

/* Begin PBXNativeTarget section */
		AD56EA9029786AA900BD9F59 /* Songo */ = {
			isa = PBXNativeTarget;
			buildConfigurationList = AD56EAA529786AA900BD9F59 /* Build configuration list for PBXNativeTarget "Songo" */;
			buildPhases = (
				AD56EA8D29786AA900BD9F59 /* Sources */,
				AD56EA8E29786AA900BD9F59 /* Frameworks */,
				AD56EA8F29786AA900BD9F59 /* Resources */,
			);
			buildRules = (
			);
			dependencies = (
			);
			name = Songo;
			packageProductDependencies = (
				DEEF6AAC2992C6520046DD90 /* CodableExtensions */,
			);
			productName = Songo;
			productReference = AD56EA9129786AA900BD9F59 /* Songo.app */;
			productType = "com.apple.product-type.application";
		};
/* End PBXNativeTarget section */

/* Begin PBXProject section */
		AD56EA8929786AA900BD9F59 /* Project object */ = {
			isa = PBXProject;
			attributes = {
				BuildIndependentTargetsInParallel = 1;
				LastSwiftUpdateCheck = 1420;
				LastUpgradeCheck = 1420;
				TargetAttributes = {
					AD56EA9029786AA900BD9F59 = {
						CreatedOnToolsVersion = 14.2;
						LastSwiftMigration = 1420;
					};
				};
			};
			buildConfigurationList = AD56EA8C29786AA900BD9F59 /* Build configuration list for PBXProject "Songo" */;
			compatibilityVersion = "Xcode 14.0";
			developmentRegion = en;
			hasScannedForEncodings = 0;
			knownRegions = (
				en,
				Base,
			);
			mainGroup = AD56EA8829786AA900BD9F59;
			packageReferences = (
				DEEF6AAB2992C6520046DD90 /* XCRemoteSwiftPackageReference "CodableExtensions" */,
			);
			productRefGroup = AD56EA9229786AA900BD9F59 /* Products */;
			projectDirPath = "";
			projectRoot = "";
			targets = (
				AD56EA9029786AA900BD9F59 /* Songo */,
			);
		};
/* End PBXProject section */

/* Begin PBXResourcesBuildPhase section */
		AD56EA8F29786AA900BD9F59 /* Resources */ = {
			isa = PBXResourcesBuildPhase;
			buildActionMask = 2147483647;
			files = (
				AD56EA9E29786AA900BD9F59 /* Assets.xcassets in Resources */,
			);
			runOnlyForDeploymentPostprocessing = 0;
		};
/* End PBXResourcesBuildPhase section */

/* Begin PBXSourcesBuildPhase section */
		AD56EA8D29786AA900BD9F59 /* Sources */ = {
			isa = PBXSourcesBuildPhase;
			buildActionMask = 2147483647;
			files = (
				DEEF6AA829918B3D0046DD90 /* MapPlaylistViewController.swift in Sources */,
				DE7319BD297F635A00A6197C /* MapView.swift in Sources */,
				DE5DD18E298874C4002BEB3F /* TutorialPage1.swift in Sources */,
				DE7319C62980581B00A6197C /* UIControl.swift in Sources */,
				AD1E24582989BC0000D344E3 /* ProtocolTabBar.swift in Sources */,
				DE7319C3298054D500A6197C /* SongButtonView.swift in Sources */,
				DE66A93F299D489500BD21FA /* Array.swift in Sources */,
				AD7E5B6C299AC0AB00A1FB66 /* AddCurrentSongView.swift in Sources */,
				DE5DD193298875BC002BEB3F /* UIColor.swift in Sources */,
				DE4C8ECC2982F2D50065C813 /* MKMapViewDelegate.swift in Sources */,
				DE66A937299C099800BD21FA /* SpotifyConnectViewController.swift in Sources */,
				DE66A935299C060600BD21FA /* ConstantsSpotify.swift in Sources */,
				DE5DD190298874C4002BEB3F /* TutorialBase.swift in Sources */,
				DE5DD18F298874C4002BEB3F /* TutorialPage2.swift in Sources */,
				AD68738E298C454300EF5F61 /* MapLocationButton.swift in Sources */,
				DE4C8EC82981C32A0065C813 /* TabBarController.swift in Sources */,
				DE5DD18A298874C4002BEB3F /* ViewControllerTutorial.swift in Sources */,
				DE66A941299D54B300BD21FA /* MusicProtocol.swift in Sources */,
				AD6B72E829A004D200DC024F /* SpotifyService.swift in Sources */,
				DE5DD18D298874C4002BEB3F /* TutorialPage3.swift in Sources */,
				DE7319B7297F5FA900A6197C /* AppContainer.swift in Sources */,
				DE5DD17E2984813D002BEB3F /* AppleMusicService.swift in Sources */,
				DE4F3465298B048C004EE2F9 /* CLLocationCoordinate2D.swift in Sources */,
				AD95624B2991A4700045C68F /* PlaylistViewController.swift in Sources */,
				DE5DD17229833224002BEB3F /* MusicPlacementModel.swift in Sources */,
				DE5DD178298421F8002BEB3F /* CurrentSongView.swift in Sources */,
				DE5DD175298421C3002BEB3F /* SongViewController.swift in Sources */,
				AD56EA9529786AA900BD9F59 /* AppDelegate.swift in Sources */,
				DE4C8EC52981A9330065C813 /* LocationController.swift in Sources */,
				DE5DD17B29843B38002BEB3F /* AppleMusicService1.swift in Sources */,
				DE66A93B299C117A00BD21FA /* SpotifyDelegate.swift in Sources */,
				DE4C8ECA29822BA80065C813 /* CLLocationManagerDelegate.swift in Sources */,
				DE4F3463298AECA3004EE2F9 /* UIGestureRecognizerDelegate.swift in Sources */,
				DE7319B9297F60BD00A6197C /* MapViewController.swift in Sources */,
				DEEF6AAA2992C5630046DD90 /* MapPlaylistView.swift in Sources */,
				AD56EA9729786AA900BD9F59 /* SceneDelegate.swift in Sources */,
				DE66A92E299AA47100BD21FA /* LocationButtonView.swift in Sources */,
				DE4C8EC32981A12D0065C813 /* ClusterPlacementView.swift in Sources */,
				AD956249299173A40045C68F /* ProfileViewController.swift in Sources */,
				DE4F3468298B05C7004EE2F9 /* SongPlacementController.swift in Sources */,
				DE5DD18C298874C4002BEB3F /* GoToVC.swift in Sources */,
				DE7319BB297F610C00A6197C /* BaseViewController.swift in Sources */,
				DE7319C12980486800A6197C /* MapReactiveButton.swift in Sources */,
				DE4F346B298B0605004EE2F9 /* MusicPlacementView.swift in Sources */,
				DE7319CA29806C1300A6197C /* CircleRangeView.swift in Sources */,
				DE5DD17129833224002BEB3F /* SongRepository.swift in Sources */,
				AD1E24552989BB7A00D344E3 /* extensionTabBar.swift in Sources */,
				DEEF6AB12992C6ED0046DD90 /* AppData.swift in Sources */,
				DEEF6AB32992F8C40046DD90 /* MusicPlaylistModel.swift in Sources */,
			);
			runOnlyForDeploymentPostprocessing = 0;
		};
/* End PBXSourcesBuildPhase section */

/* Begin XCBuildConfiguration section */
		AD56EAA329786AA900BD9F59 /* Debug */ = {
			isa = XCBuildConfiguration;
			buildSettings = {
				ALWAYS_SEARCH_USER_PATHS = NO;
				CLANG_ANALYZER_NONNULL = YES;
				CLANG_ANALYZER_NUMBER_OBJECT_CONVERSION = YES_AGGRESSIVE;
				CLANG_CXX_LANGUAGE_STANDARD = "gnu++20";
				CLANG_ENABLE_MODULES = YES;
				CLANG_ENABLE_OBJC_ARC = YES;
				CLANG_ENABLE_OBJC_WEAK = YES;
				CLANG_WARN_BLOCK_CAPTURE_AUTORELEASING = YES;
				CLANG_WARN_BOOL_CONVERSION = YES;
				CLANG_WARN_COMMA = YES;
				CLANG_WARN_CONSTANT_CONVERSION = YES;
				CLANG_WARN_DEPRECATED_OBJC_IMPLEMENTATIONS = YES;
				CLANG_WARN_DIRECT_OBJC_ISA_USAGE = YES_ERROR;
				CLANG_WARN_DOCUMENTATION_COMMENTS = YES;
				CLANG_WARN_EMPTY_BODY = YES;
				CLANG_WARN_ENUM_CONVERSION = YES;
				CLANG_WARN_INFINITE_RECURSION = YES;
				CLANG_WARN_INT_CONVERSION = YES;
				CLANG_WARN_NON_LITERAL_NULL_CONVERSION = YES;
				CLANG_WARN_OBJC_IMPLICIT_RETAIN_SELF = YES;
				CLANG_WARN_OBJC_LITERAL_CONVERSION = YES;
				CLANG_WARN_OBJC_ROOT_CLASS = YES_ERROR;
				CLANG_WARN_QUOTED_INCLUDE_IN_FRAMEWORK_HEADER = YES;
				CLANG_WARN_RANGE_LOOP_ANALYSIS = YES;
				CLANG_WARN_STRICT_PROTOTYPES = YES;
				CLANG_WARN_SUSPICIOUS_MOVE = YES;
				CLANG_WARN_UNGUARDED_AVAILABILITY = YES_AGGRESSIVE;
				CLANG_WARN_UNREACHABLE_CODE = YES;
				CLANG_WARN__DUPLICATE_METHOD_MATCH = YES;
				COPY_PHASE_STRIP = NO;
				DEBUG_INFORMATION_FORMAT = dwarf;
				ENABLE_STRICT_OBJC_MSGSEND = YES;
				ENABLE_TESTABILITY = YES;
				GCC_C_LANGUAGE_STANDARD = gnu11;
				GCC_DYNAMIC_NO_PIC = NO;
				GCC_NO_COMMON_BLOCKS = YES;
				GCC_OPTIMIZATION_LEVEL = 0;
				GCC_PREPROCESSOR_DEFINITIONS = (
					"DEBUG=1",
					"$(inherited)",
				);
				GCC_WARN_64_TO_32_BIT_CONVERSION = YES;
				GCC_WARN_ABOUT_RETURN_TYPE = YES_ERROR;
				GCC_WARN_UNDECLARED_SELECTOR = YES;
				GCC_WARN_UNINITIALIZED_AUTOS = YES_AGGRESSIVE;
				GCC_WARN_UNUSED_FUNCTION = YES;
				GCC_WARN_UNUSED_VARIABLE = YES;
				IPHONEOS_DEPLOYMENT_TARGET = 16.2;
				MTL_ENABLE_DEBUG_INFO = INCLUDE_SOURCE;
				MTL_FAST_MATH = YES;
				ONLY_ACTIVE_ARCH = YES;
				SDKROOT = iphoneos;
				SWIFT_ACTIVE_COMPILATION_CONDITIONS = DEBUG;
				SWIFT_OPTIMIZATION_LEVEL = "-Onone";
			};
			name = Debug;
		};
		AD56EAA429786AA900BD9F59 /* Release */ = {
			isa = XCBuildConfiguration;
			buildSettings = {
				ALWAYS_SEARCH_USER_PATHS = NO;
				CLANG_ANALYZER_NONNULL = YES;
				CLANG_ANALYZER_NUMBER_OBJECT_CONVERSION = YES_AGGRESSIVE;
				CLANG_CXX_LANGUAGE_STANDARD = "gnu++20";
				CLANG_ENABLE_MODULES = YES;
				CLANG_ENABLE_OBJC_ARC = YES;
				CLANG_ENABLE_OBJC_WEAK = YES;
				CLANG_WARN_BLOCK_CAPTURE_AUTORELEASING = YES;
				CLANG_WARN_BOOL_CONVERSION = YES;
				CLANG_WARN_COMMA = YES;
				CLANG_WARN_CONSTANT_CONVERSION = YES;
				CLANG_WARN_DEPRECATED_OBJC_IMPLEMENTATIONS = YES;
				CLANG_WARN_DIRECT_OBJC_ISA_USAGE = YES_ERROR;
				CLANG_WARN_DOCUMENTATION_COMMENTS = YES;
				CLANG_WARN_EMPTY_BODY = YES;
				CLANG_WARN_ENUM_CONVERSION = YES;
				CLANG_WARN_INFINITE_RECURSION = YES;
				CLANG_WARN_INT_CONVERSION = YES;
				CLANG_WARN_NON_LITERAL_NULL_CONVERSION = YES;
				CLANG_WARN_OBJC_IMPLICIT_RETAIN_SELF = YES;
				CLANG_WARN_OBJC_LITERAL_CONVERSION = YES;
				CLANG_WARN_OBJC_ROOT_CLASS = YES_ERROR;
				CLANG_WARN_QUOTED_INCLUDE_IN_FRAMEWORK_HEADER = YES;
				CLANG_WARN_RANGE_LOOP_ANALYSIS = YES;
				CLANG_WARN_STRICT_PROTOTYPES = YES;
				CLANG_WARN_SUSPICIOUS_MOVE = YES;
				CLANG_WARN_UNGUARDED_AVAILABILITY = YES_AGGRESSIVE;
				CLANG_WARN_UNREACHABLE_CODE = YES;
				CLANG_WARN__DUPLICATE_METHOD_MATCH = YES;
				COPY_PHASE_STRIP = NO;
				DEBUG_INFORMATION_FORMAT = "dwarf-with-dsym";
				ENABLE_NS_ASSERTIONS = NO;
				ENABLE_STRICT_OBJC_MSGSEND = YES;
				GCC_C_LANGUAGE_STANDARD = gnu11;
				GCC_NO_COMMON_BLOCKS = YES;
				GCC_WARN_64_TO_32_BIT_CONVERSION = YES;
				GCC_WARN_ABOUT_RETURN_TYPE = YES_ERROR;
				GCC_WARN_UNDECLARED_SELECTOR = YES;
				GCC_WARN_UNINITIALIZED_AUTOS = YES_AGGRESSIVE;
				GCC_WARN_UNUSED_FUNCTION = YES;
				GCC_WARN_UNUSED_VARIABLE = YES;
				IPHONEOS_DEPLOYMENT_TARGET = 16.2;
				MTL_ENABLE_DEBUG_INFO = NO;
				MTL_FAST_MATH = YES;
				SDKROOT = iphoneos;
				SWIFT_COMPILATION_MODE = wholemodule;
				SWIFT_OPTIMIZATION_LEVEL = "-O";
				VALIDATE_PRODUCT = YES;
			};
			name = Release;
		};
		AD56EAA629786AA900BD9F59 /* Debug */ = {
			isa = XCBuildConfiguration;
			buildSettings = {
				ASSETCATALOG_COMPILER_APPICON_NAME = AppIcon;
				ASSETCATALOG_COMPILER_GLOBAL_ACCENT_COLOR_NAME = AccentColor;
				CLANG_ENABLE_MODULES = YES;
				CODE_SIGN_STYLE = Automatic;
				CURRENT_PROJECT_VERSION = 1;
				DEVELOPMENT_TEAM = 67AYPRFZH8;
				FRAMEWORK_SEARCH_PATHS = (
					"$(inherited)",
					"$(PROJECT_DIR)/Songo",
				);
				GENERATE_INFOPLIST_FILE = YES;
				INFOPLIST_FILE = Songo/Info.plist;
				INFOPLIST_KEY_CFBundleDisplayName = SoundMap;
				INFOPLIST_KEY_NSAppleMusicUsageDescription = "Me deixa ver suas músicas";
				INFOPLIST_KEY_NSLocationWhenInUseUsageDescription = "Aceita pls";
				INFOPLIST_KEY_UIApplicationSupportsIndirectInputEvents = YES;
				INFOPLIST_KEY_UILaunchStoryboardName = LaunchScreen;
				INFOPLIST_KEY_UISupportedInterfaceOrientations = UIInterfaceOrientationPortrait;
				INFOPLIST_KEY_UISupportedInterfaceOrientations_iPad = "UIInterfaceOrientationLandscapeLeft UIInterfaceOrientationLandscapeRight UIInterfaceOrientationPortrait UIInterfaceOrientationPortraitUpsideDown";
				IPHONEOS_DEPLOYMENT_TARGET = 15.6;
				LD_RUNPATH_SEARCH_PATHS = (
					"$(inherited)",
					"@executable_path/Frameworks",
				);
				MARKETING_VERSION = 1.0;
				PRODUCT_BUNDLE_IDENTIFIER = "Academy.les.inf.puc-rio.Songo1";
				PRODUCT_NAME = "$(TARGET_NAME)";
				SUPPORTED_PLATFORMS = "iphoneos iphonesimulator";
				SUPPORTS_MACCATALYST = NO;
				SUPPORTS_MAC_DESIGNED_FOR_IPHONE_IPAD = NO;
				SWIFT_EMIT_LOC_STRINGS = YES;
				SWIFT_OBJC_BRIDGING_HEADER = "Songo/Songo-Bridging-Header.h";
				SWIFT_OPTIMIZATION_LEVEL = "-Onone";
				SWIFT_VERSION = 5.0;
				TARGETED_DEVICE_FAMILY = 1;
			};
			name = Debug;
		};
		AD56EAA729786AA900BD9F59 /* Release */ = {
			isa = XCBuildConfiguration;
			buildSettings = {
				ASSETCATALOG_COMPILER_APPICON_NAME = AppIcon;
				ASSETCATALOG_COMPILER_GLOBAL_ACCENT_COLOR_NAME = AccentColor;
				CLANG_ENABLE_MODULES = YES;
				CODE_SIGN_STYLE = Automatic;
				CURRENT_PROJECT_VERSION = 1;
				DEVELOPMENT_TEAM = 67AYPRFZH8;
				FRAMEWORK_SEARCH_PATHS = (
					"$(inherited)",
					"$(PROJECT_DIR)/Songo",
				);
				GENERATE_INFOPLIST_FILE = YES;
				INFOPLIST_FILE = Songo/Info.plist;
				INFOPLIST_KEY_CFBundleDisplayName = SoundMap;
				INFOPLIST_KEY_NSAppleMusicUsageDescription = "Me deixa ver suas músicas";
				INFOPLIST_KEY_NSLocationWhenInUseUsageDescription = "Aceita pls";
				INFOPLIST_KEY_UIApplicationSupportsIndirectInputEvents = YES;
				INFOPLIST_KEY_UILaunchStoryboardName = LaunchScreen;
				INFOPLIST_KEY_UISupportedInterfaceOrientations = UIInterfaceOrientationPortrait;
				INFOPLIST_KEY_UISupportedInterfaceOrientations_iPad = "UIInterfaceOrientationLandscapeLeft UIInterfaceOrientationLandscapeRight UIInterfaceOrientationPortrait UIInterfaceOrientationPortraitUpsideDown";
				IPHONEOS_DEPLOYMENT_TARGET = 15.6;
				LD_RUNPATH_SEARCH_PATHS = (
					"$(inherited)",
					"@executable_path/Frameworks",
				);
				"LD_RUNPATH_SEARCH_PATHS[arch=*]" = "-ObjC";
				MARKETING_VERSION = 1.0;
				PRODUCT_BUNDLE_IDENTIFIER = "Academy.les.inf.puc-rio.Songo1";
				PRODUCT_NAME = "$(TARGET_NAME)";
				SUPPORTED_PLATFORMS = "iphoneos iphonesimulator";
				SUPPORTS_MACCATALYST = NO;
				SUPPORTS_MAC_DESIGNED_FOR_IPHONE_IPAD = NO;
				SWIFT_EMIT_LOC_STRINGS = YES;
				SWIFT_OBJC_BRIDGING_HEADER = "Songo/Songo-Bridging-Header.h";
				SWIFT_VERSION = 5.0;
				TARGETED_DEVICE_FAMILY = 1;
			};
			name = Release;
		};
/* End XCBuildConfiguration section */

/* Begin XCConfigurationList section */
		AD56EA8C29786AA900BD9F59 /* Build configuration list for PBXProject "Songo" */ = {
			isa = XCConfigurationList;
			buildConfigurations = (
				AD56EAA329786AA900BD9F59 /* Debug */,
				AD56EAA429786AA900BD9F59 /* Release */,
			);
			defaultConfigurationIsVisible = 0;
			defaultConfigurationName = Release;
		};
		AD56EAA529786AA900BD9F59 /* Build configuration list for PBXNativeTarget "Songo" */ = {
			isa = XCConfigurationList;
			buildConfigurations = (
				AD56EAA629786AA900BD9F59 /* Debug */,
				AD56EAA729786AA900BD9F59 /* Release */,
			);
			defaultConfigurationIsVisible = 0;
			defaultConfigurationName = Release;
		};
/* End XCConfigurationList section */

/* Begin XCRemoteSwiftPackageReference section */
		DEEF6AAB2992C6520046DD90 /* XCRemoteSwiftPackageReference "CodableExtensions" */ = {
			isa = XCRemoteSwiftPackageReference;
			repositoryURL = "https://github.com/rvenieris/CodableExtensions.git";
			requirement = {
				branch = main;
				kind = branch;
			};
		};
/* End XCRemoteSwiftPackageReference section */

/* Begin XCSwiftPackageProductDependency section */
		DEEF6AAC2992C6520046DD90 /* CodableExtensions */ = {
			isa = XCSwiftPackageProductDependency;
			package = DEEF6AAB2992C6520046DD90 /* XCRemoteSwiftPackageReference "CodableExtensions" */;
			productName = CodableExtensions;
		};
/* End XCSwiftPackageProductDependency section */
	};
	rootObject = AD56EA8929786AA900BD9F59 /* Project object */;
}
